// !$*UTF8*$!
{
	archiveVersion = 1;
	classes = {
	};
	objectVersion = 46;
	objects = {

/* Begin PBXBuildFile section */
		20119B211C44B537000DBB13 /* movie_quote.mp3 in Resources */ = {isa = PBXBuildFile; fileRef = 20119B201C44B537000DBB13 /* movie_quote.mp3 */; };
		20119B241C44C4AA000DBB13 /* PlaySoundViewController.swift in Sources */ = {isa = PBXBuildFile; fileRef = 20119B231C44C4AA000DBB13 /* PlaySoundViewController.swift */; };
		20119B261C463FD5000DBB13 /* Main.storyboard in Resources */ = {isa = PBXBuildFile; fileRef = 20119B251C463FD5000DBB13 /* Main.storyboard */; };
		20119B281C464202000DBB13 /* RecordedAudio.swift in Sources */ = {isa = PBXBuildFile; fileRef = 20119B271C464202000DBB13 /* RecordedAudio.swift */; };
		2027B5311C3E27390019489B /* AppDelegate.swift in Sources */ = {isa = PBXBuildFile; fileRef = 2027B5301C3E27390019489B /* AppDelegate.swift */; };
		2027B5331C3E27390019489B /* RecordSoundsViewController.swift in Sources */ = {isa = PBXBuildFile; fileRef = 2027B5321C3E27390019489B /* RecordSoundsViewController.swift */; };
		2027B5381C3E27390019489B /* Assets.xcassets in Resources */ = {isa = PBXBuildFile; fileRef = 2027B5371C3E27390019489B /* Assets.xcassets */; };
		2027B53B1C3E27390019489B /* LaunchScreen.storyboard in Resources */ = {isa = PBXBuildFile; fileRef = 2027B5391C3E27390019489B /* LaunchScreen.storyboard */; };
		2027B5461C3E27390019489B /* Pitch_PerfectTests.swift in Sources */ = {isa = PBXBuildFile; fileRef = 2027B5451C3E27390019489B /* Pitch_PerfectTests.swift */; };
		2027B5511C3E273A0019489B /* Pitch_PerfectUITests.swift in Sources */ = {isa = PBXBuildFile; fileRef = 2027B5501C3E273A0019489B /* Pitch_PerfectUITests.swift */; };
/* End PBXBuildFile section */

/* Begin PBXContainerItemProxy section */
		2027B5421C3E27390019489B /* PBXContainerItemProxy */ = {
			isa = PBXContainerItemProxy;
			containerPortal = 2027B5251C3E27390019489B /* Project object */;
			proxyType = 1;
			remoteGlobalIDString = 2027B52C1C3E27390019489B;
			remoteInfo = "Pitch Perfect";
		};
		2027B54D1C3E273A0019489B /* PBXContainerItemProxy */ = {
			isa = PBXContainerItemProxy;
			containerPortal = 2027B5251C3E27390019489B /* Project object */;
			proxyType = 1;
			remoteGlobalIDString = 2027B52C1C3E27390019489B;
			remoteInfo = "Pitch Perfect";
		};
/* End PBXContainerItemProxy section */

/* Begin PBXFileReference section */
		20119B201C44B537000DBB13 /* movie_quote.mp3 */ = {isa = PBXFileReference; lastKnownFileType = audio.mp3; path = movie_quote.mp3; sourceTree = "<group>"; };
		20119B231C44C4AA000DBB13 /* PlaySoundViewController.swift */ = {isa = PBXFileReference; fileEncoding = 4; lastKnownFileType = sourcecode.swift; path = PlaySoundViewController.swift; sourceTree = "<group>"; };
		20119B251C463FD5000DBB13 /* Main.storyboard */ = {isa = PBXFileReference; fileEncoding = 4; lastKnownFileType = file.storyboard; path = Main.storyboard; sourceTree = "<group>"; };
		20119B271C464202000DBB13 /* RecordedAudio.swift */ = {isa = PBXFileReference; fileEncoding = 4; lastKnownFileType = sourcecode.swift; path = RecordedAudio.swift; sourceTree = "<group>"; };
		2027B52D1C3E27390019489B /* Pitch Perfect.app */ = {isa = PBXFileReference; explicitFileType = wrapper.application; includeInIndex = 0; path = "Pitch Perfect.app"; sourceTree = BUILT_PRODUCTS_DIR; };
		2027B5301C3E27390019489B /* AppDelegate.swift */ = {isa = PBXFileReference; lastKnownFileType = sourcecode.swift; path = AppDelegate.swift; sourceTree = "<group>"; };
		2027B5321C3E27390019489B /* RecordSoundsViewController.swift */ = {isa = PBXFileReference; lastKnownFileType = sourcecode.swift; path = RecordSoundsViewController.swift; sourceTree = "<group>"; };
		2027B5371C3E27390019489B /* Assets.xcassets */ = {isa = PBXFileReference; lastKnownFileType = folder.assetcatalog; path = Assets.xcassets; sourceTree = "<group>"; };
		2027B53A1C3E27390019489B /* Base */ = {isa = PBXFileReference; lastKnownFileType = file.storyboard; name = Base; path = Base.lproj/LaunchScreen.storyboard; sourceTree = "<group>"; };
		2027B53C1C3E27390019489B /* Info.plist */ = {isa = PBXFileReference; lastKnownFileType = text.plist.xml; path = Info.plist; sourceTree = "<group>"; };
		2027B5411C3E27390019489B /* Pitch PerfectTests.xctest */ = {isa = PBXFileReference; explicitFileType = wrapper.cfbundle; includeInIndex = 0; path = "Pitch PerfectTests.xctest"; sourceTree = BUILT_PRODUCTS_DIR; };
		2027B5451C3E27390019489B /* Pitch_PerfectTests.swift */ = {isa = PBXFileReference; lastKnownFileType = sourcecode.swift; path = Pitch_PerfectTests.swift; sourceTree = "<group>"; };
		2027B5471C3E27390019489B /* Info.plist */ = {isa = PBXFileReference; lastKnownFileType = text.plist.xml; path = Info.plist; sourceTree = "<group>"; };
		2027B54C1C3E273A0019489B /* Pitch PerfectUITests.xctest */ = {isa = PBXFileReference; explicitFileType = wrapper.cfbundle; includeInIndex = 0; path = "Pitch PerfectUITests.xctest"; sourceTree = BUILT_PRODUCTS_DIR; };
		2027B5501C3E273A0019489B /* Pitch_PerfectUITests.swift */ = {isa = PBXFileReference; lastKnownFileType = sourcecode.swift; path = Pitch_PerfectUITests.swift; sourceTree = "<group>"; };
		2027B5521C3E273A0019489B /* Info.plist */ = {isa = PBXFileReference; lastKnownFileType = text.plist.xml; path = Info.plist; sourceTree = "<group>"; };
/* End PBXFileReference section */

/* Begin PBXFrameworksBuildPhase section */
		2027B52A1C3E27390019489B /* Frameworks */ = {
			isa = PBXFrameworksBuildPhase;
			buildActionMask = 2147483647;
			files = (
			);
			runOnlyForDeploymentPostprocessing = 0;
		};
		2027B53E1C3E27390019489B /* Frameworks */ = {
			isa = PBXFrameworksBuildPhase;
			buildActionMask = 2147483647;
			files = (
			);
			runOnlyForDeploymentPostprocessing = 0;
		};
		2027B5491C3E273A0019489B /* Frameworks */ = {
			isa = PBXFrameworksBuildPhase;
			buildActionMask = 2147483647;
			files = (
			);
			runOnlyForDeploymentPostprocessing = 0;
		};
/* End PBXFrameworksBuildPhase section */

/* Begin PBXGroup section */
		20119B221C44B557000DBB13 /* Supporting files */ = {
			isa = PBXGroup;
			children = (
				20119B201C44B537000DBB13 /* movie_quote.mp3 */,
				2027B53C1C3E27390019489B /* Info.plist */,
			);
			name = "Supporting files";
			sourceTree = "<group>";
		};
		2027B5241C3E27390019489B = {
			isa = PBXGroup;
			children = (
				2027B52F1C3E27390019489B /* Pitch Perfect */,
				2027B5441C3E27390019489B /* Pitch PerfectTests */,
				2027B54F1C3E273A0019489B /* Pitch PerfectUITests */,
				2027B52E1C3E27390019489B /* Products */,
			);
			sourceTree = "<group>";
		};
		2027B52E1C3E27390019489B /* Products */ = {
			isa = PBXGroup;
			children = (
				2027B52D1C3E27390019489B /* Pitch Perfect.app */,
				2027B5411C3E27390019489B /* Pitch PerfectTests.xctest */,
				2027B54C1C3E273A0019489B /* Pitch PerfectUITests.xctest */,
			);
			name = Products;
			sourceTree = "<group>";
		};
		2027B52F1C3E27390019489B /* Pitch Perfect */ = {
			isa = PBXGroup;
			children = (
				2027B5301C3E27390019489B /* AppDelegate.swift */,
				2027B5321C3E27390019489B /* RecordSoundsViewController.swift */,
				20119B271C464202000DBB13 /* RecordedAudio.swift */,
				20119B231C44C4AA000DBB13 /* PlaySoundViewController.swift */,
				20119B251C463FD5000DBB13 /* Main.storyboard */,
				2027B5371C3E27390019489B /* Assets.xcassets */,
				20119B221C44B557000DBB13 /* Supporting files */,
				2027B5391C3E27390019489B /* LaunchScreen.storyboard */,
			);
			path = "Pitch Perfect";
			sourceTree = "<group>";
		};
		2027B5441C3E27390019489B /* Pitch PerfectTests */ = {
			isa = PBXGroup;
			children = (
				2027B5451C3E27390019489B /* Pitch_PerfectTests.swift */,
				2027B5471C3E27390019489B /* Info.plist */,
			);
			path = "Pitch PerfectTests";
			sourceTree = "<group>";
		};
		2027B54F1C3E273A0019489B /* Pitch PerfectUITests */ = {
			isa = PBXGroup;
			children = (
				2027B5501C3E273A0019489B /* Pitch_PerfectUITests.swift */,
				2027B5521C3E273A0019489B /* Info.plist */,
			);
			path = "Pitch PerfectUITests";
			sourceTree = "<group>";
		};
/* End PBXGroup section */

/* Begin PBXNativeTarget section */
		2027B52C1C3E27390019489B /* Pitch Perfect */ = {
			isa = PBXNativeTarget;
			buildConfigurationList = 2027B5551C3E273A0019489B /* Build configuration list for PBXNativeTarget "Pitch Perfect" */;
			buildPhases = (
				2027B5291C3E27390019489B /* Sources */,
				2027B52A1C3E27390019489B /* Frameworks */,
				2027B52B1C3E27390019489B /* Resources */,
			);
			buildRules = (
			);
			dependencies = (
			);
			name = "Pitch Perfect";
			productName = "Pitch Perfect";
			productReference = 2027B52D1C3E27390019489B /* Pitch Perfect.app */;
			productType = "com.apple.product-type.application";
		};
		2027B5401C3E27390019489B /* Pitch PerfectTests */ = {
			isa = PBXNativeTarget;
			buildConfigurationList = 2027B5581C3E273A0019489B /* Build configuration list for PBXNativeTarget "Pitch PerfectTests" */;
			buildPhases = (
				2027B53D1C3E27390019489B /* Sources */,
				2027B53E1C3E27390019489B /* Frameworks */,
				2027B53F1C3E27390019489B /* Resources */,
			);
			buildRules = (
			);
			dependencies = (
				2027B5431C3E27390019489B /* PBXTargetDependency */,
			);
			name = "Pitch PerfectTests";
			productName = "Pitch PerfectTests";
			productReference = 2027B5411C3E27390019489B /* Pitch PerfectTests.xctest */;
			productType = "com.apple.product-type.bundle.unit-test";
		};
		2027B54B1C3E273A0019489B /* Pitch PerfectUITests */ = {
			isa = PBXNativeTarget;
			buildConfigurationList = 2027B55B1C3E273A0019489B /* Build configuration list for PBXNativeTarget "Pitch PerfectUITests" */;
			buildPhases = (
				2027B5481C3E273A0019489B /* Sources */,
				2027B5491C3E273A0019489B /* Frameworks */,
				2027B54A1C3E273A0019489B /* Resources */,
			);
			buildRules = (
			);
			dependencies = (
				2027B54E1C3E273A0019489B /* PBXTargetDependency */,
			);
			name = "Pitch PerfectUITests";
			productName = "Pitch PerfectUITests";
			productReference = 2027B54C1C3E273A0019489B /* Pitch PerfectUITests.xctest */;
			productType = "com.apple.product-type.bundle.ui-testing";
		};
/* End PBXNativeTarget section */

/* Begin PBXProject section */
		2027B5251C3E27390019489B /* Project object */ = {
			isa = PBXProject;
			attributes = {
				LastSwiftUpdateCheck = 0720;
				LastUpgradeCheck = 0720;
				ORGANIZATIONNAME = Rakuten;
				TargetAttributes = {
					2027B52C1C3E27390019489B = {
						CreatedOnToolsVersion = 7.2;
						DevelopmentTeam = GZA5R9P42G;
					};
					2027B5401C3E27390019489B = {
						CreatedOnToolsVersion = 7.2;
						TestTargetID = 2027B52C1C3E27390019489B;
					};
					2027B54B1C3E273A0019489B = {
						CreatedOnToolsVersion = 7.2;
						TestTargetID = 2027B52C1C3E27390019489B;
					};
				};
			};
			buildConfigurationList = 2027B5281C3E27390019489B /* Build configuration list for PBXProject "Pitch Perfect" */;
			compatibilityVersion = "Xcode 3.2";
			developmentRegion = English;
			hasScannedForEncodings = 0;
			knownRegions = (
				en,
				Base,
			);
			mainGroup = 2027B5241C3E27390019489B;
			productRefGroup = 2027B52E1C3E27390019489B /* Products */;
			projectDirPath = "";
			projectRoot = "";
			targets = (
				2027B52C1C3E27390019489B /* Pitch Perfect */,
				2027B5401C3E27390019489B /* Pitch PerfectTests */,
				2027B54B1C3E273A0019489B /* Pitch PerfectUITests */,
			);
		};
/* End PBXProject section */

/* Begin PBXResourcesBuildPhase section */
		2027B52B1C3E27390019489B /* Resources */ = {
			isa = PBXResourcesBuildPhase;
			buildActionMask = 2147483647;
			files = (
				2027B53B1C3E27390019489B /* LaunchScreen.storyboard in Resources */,
				2027B5381C3E27390019489B /* Assets.xcassets in Resources */,
				20119B211C44B537000DBB13 /* movie_quote.mp3 in Resources */,
				20119B261C463FD5000DBB13 /* Main.storyboard in Resources */,
			);
			runOnlyForDeploymentPostprocessing = 0;
		};
		2027B53F1C3E27390019489B /* Resources */ = {
			isa = PBXResourcesBuildPhase;
			buildActionMask = 2147483647;
			files = (
			);
			runOnlyForDeploymentPostprocessing = 0;
		};
		2027B54A1C3E273A0019489B /* Resources */ = {
			isa = PBXResourcesBuildPhase;
			buildActionMask = 2147483647;
			files = (
			);
			runOnlyForDeploymentPostprocessing = 0;
		};
/* End PBXResourcesBuildPhase section */

/* Begin PBXSourcesBuildPhase section */
		2027B5291C3E27390019489B /* Sources */ = {
			isa = PBXSourcesBuildPhase;
			buildActionMask = 2147483647;
			files = (
				20119B281C464202000DBB13 /* RecordedAudio.swift in Sources */,
				2027B5331C3E27390019489B /* RecordSoundsViewController.swift in Sources */,
				20119B241C44C4AA000DBB13 /* PlaySoundViewController.swift in Sources */,
				2027B5311C3E27390019489B /* AppDelegate.swift in Sources */,
			);
			runOnlyForDeploymentPostprocessing = 0;
		};
		2027B53D1C3E27390019489B /* Sources */ = {
			isa = PBXSourcesBuildPhase;
			buildActionMask = 2147483647;
			files = (
				2027B5461C3E27390019489B /* Pitch_PerfectTests.swift in Sources */,
			);
			runOnlyForDeploymentPostprocessing = 0;
		};
		2027B5481C3E273A0019489B /* Sources */ = {
			isa = PBXSourcesBuildPhase;
			buildActionMask = 2147483647;
			files = (
				2027B5511C3E273A0019489B /* Pitch_PerfectUITests.swift in Sources */,
			);
			runOnlyForDeploymentPostprocessing = 0;
		};
/* End PBXSourcesBuildPhase section */

/* Begin PBXTargetDependency section */
		2027B5431C3E27390019489B /* PBXTargetDependency */ = {
			isa = PBXTargetDependency;
			target = 2027B52C1C3E27390019489B /* Pitch Perfect */;
			targetProxy = 2027B5421C3E27390019489B /* PBXContainerItemProxy */;
		};
		2027B54E1C3E273A0019489B /* PBXTargetDependency */ = {
			isa = PBXTargetDependency;
			target = 2027B52C1C3E27390019489B /* Pitch Perfect */;
			targetProxy = 2027B54D1C3E273A0019489B /* PBXContainerItemProxy */;
		};
/* End PBXTargetDependency section */

/* Begin PBXVariantGroup section */
		2027B5391C3E27390019489B /* LaunchScreen.storyboard */ = {
			isa = PBXVariantGroup;
			children = (
				2027B53A1C3E27390019489B /* Base */,
			);
			name = LaunchScreen.storyboard;
			sourceTree = "<group>";
		};
/* End PBXVariantGroup section */

/* Begin XCBuildConfiguration section */
		2027B5531C3E273A0019489B /* Debug */ = {
			isa = XCBuildConfiguration;
			buildSettings = {
				ALWAYS_SEARCH_USER_PATHS = NO;
				CLANG_CXX_LANGUAGE_STANDARD = "gnu++0x";
				CLANG_CXX_LIBRARY = "libc++";
				CLANG_ENABLE_MODULES = YES;
				CLANG_ENABLE_OBJC_ARC = YES;
				CLANG_WARN_BOOL_CONVERSION = YES;
				CLANG_WARN_CONSTANT_CONVERSION = YES;
				CLANG_WARN_DIRECT_OBJC_ISA_USAGE = YES_ERROR;
				CLANG_WARN_EMPTY_BODY = YES;
				CLANG_WARN_ENUM_CONVERSION = YES;
				CLANG_WARN_INT_CONVERSION = YES;
				CLANG_WARN_OBJC_ROOT_CLASS = YES_ERROR;
				CLANG_WARN_UNREACHABLE_CODE = YES;
				CLANG_WARN__DUPLICATE_METHOD_MATCH = YES;
				"CODE_SIGN_IDENTITY[sdk=iphoneos*]" = "iPhone Developer";
				COPY_PHASE_STRIP = NO;
				DEBUG_INFORMATION_FORMAT = dwarf;
				ENABLE_STRICT_OBJC_MSGSEND = YES;
				ENABLE_TESTABILITY = YES;
				GCC_C_LANGUAGE_STANDARD = gnu99;
				GCC_DYNAMIC_NO_PIC = NO;
				GCC_NO_COMMON_BLOCKS = YES;
				GCC_OPTIMIZATION_LEVEL = 0;
				GCC_PREPROCESSOR_DEFINITIONS = (
					"DEBUG=1",
					"$(inherited)",
				);
				GCC_WARN_64_TO_32_BIT_CONVERSION = YES;
				GCC_WARN_ABOUT_RETURN_TYPE = YES_ERROR;
				GCC_WARN_UNDECLARED_SELECTOR = YES;
				GCC_WARN_UNINITIALIZED_AUTOS = YES_AGGRESSIVE;
				GCC_WARN_UNUSED_FUNCTION = YES;
				GCC_WARN_UNUSED_VARIABLE = YES;
				IPHONEOS_DEPLOYMENT_TARGET = 9.2;
				MTL_ENABLE_DEBUG_INFO = YES;
				ONLY_ACTIVE_ARCH = YES;
				SDKROOT = iphoneos;
				SWIFT_OPTIMIZATION_LEVEL = "-Onone";
			};
			name = Debug;
		};
		2027B5541C3E273A0019489B /* Release */ = {
			isa = XCBuildConfiguration;
			buildSettings = {
				ALWAYS_SEARCH_USER_PATHS = NO;
				CLANG_CXX_LANGUAGE_STANDARD = "gnu++0x";
				CLANG_CXX_LIBRARY = "libc++";
				CLANG_ENABLE_MODULES = YES;
				CLANG_ENABLE_OBJC_ARC = YES;
				CLANG_WARN_BOOL_CONVERSION = YES;
				CLANG_WARN_CONSTANT_CONVERSION = YES;
				CLANG_WARN_DIRECT_OBJC_ISA_USAGE = YES_ERROR;
				CLANG_WARN_EMPTY_BODY = YES;
				CLANG_WARN_ENUM_CONVERSION = YES;
				CLANG_WARN_INT_CONVERSION = YES;
				CLANG_WARN_OBJC_ROOT_CLASS = YES_ERROR;
				CLANG_WARN_UNREACHABLE_CODE = YES;
				CLANG_WARN__DUPLICATE_METHOD_MATCH = YES;
				"CODE_SIGN_IDENTITY[sdk=iphoneos*]" = "iPhone Developer";
				COPY_PHASE_STRIP = NO;
				DEBUG_INFORMATION_FORMAT = "dwarf-with-dsym";
				ENABLE_NS_ASSERTIONS = NO;
				ENABLE_STRICT_OBJC_MSGSEND = YES;
				GCC_C_LANGUAGE_STANDARD = gnu99;
				GCC_NO_COMMON_BLOCKS = YES;
				GCC_WARN_64_TO_32_BIT_CONVERSION = YES;
				GCC_WARN_ABOUT_RETURN_TYPE = YES_ERROR;
				GCC_WARN_UNDECLARED_SELECTOR = YES;
				GCC_WARN_UNINITIALIZED_AUTOS = YES_AGGRESSIVE;
				GCC_WARN_UNUSED_FUNCTION = YES;
				GCC_WARN_UNUSED_VARIABLE = YES;
				IPHONEOS_DEPLOYMENT_TARGET = 9.2;
				MTL_ENABLE_DEBUG_INFO = NO;
				SDKROOT = iphoneos;
				VALIDATE_PRODUCT = YES;
			};
			name = Release;
		};
		2027B5561C3E273A0019489B /* Debug */ = {
			isa = XCBuildConfiguration;
			buildSettings = {
				ASSETCATALOG_COMPILER_APPICON_NAME = AppIcon;
				CODE_SIGN_IDENTITY = "iPhone Developer";
				"CODE_SIGN_IDENTITY[sdk=iphoneos*]" = "iPhone Developer";
				INFOPLIST_FILE = "Pitch Perfect/Info.plist";
				IPHONEOS_DEPLOYMENT_TARGET = 8.0;
				LD_RUNPATH_SEARCH_PATHS = "$(inherited) @executable_path/Frameworks";
				PRODUCT_BUNDLE_IDENTIFIER = "com.rakuten.Pitch-Perfect";
				PRODUCT_NAME = "$(TARGET_NAME)";
				PROVISIONING_PROFILE = "";
			};
			name = Debug;
		};
		2027B5571C3E273A0019489B /* Release */ = {
			isa = XCBuildConfiguration;
			buildSettings = {
				ASSETCATALOG_COMPILER_APPICON_NAME = AppIcon;
				CODE_SIGN_IDENTITY = "iPhone Developer";
				"CODE_SIGN_IDENTITY[sdk=iphoneos*]" = "iPhone Developer";
				INFOPLIST_FILE = "Pitch Perfect/Info.plist";
				IPHONEOS_DEPLOYMENT_TARGET = 8.0;
				LD_RUNPATH_SEARCH_PATHS = "$(inherited) @executable_path/Frameworks";
				PRODUCT_BUNDLE_IDENTIFIER = "com.rakuten.Pitch-Perfect";
				PRODUCT_NAME = "$(TARGET_NAME)";
				PROVISIONING_PROFILE = "";
			};
			name = Release;
		};
		2027B5591C3E273A0019489B /* Debug */ = {
			isa = XCBuildConfiguration;
			buildSettings = {
				BUNDLE_LOADER = "$(TEST_HOST)";
				INFOPLIST_FILE = "Pitch PerfectTests/Info.plist";
				LD_RUNPATH_SEARCH_PATHS = "$(inherited) @executable_path/Frameworks @loader_path/Frameworks";
				PRODUCT_BUNDLE_IDENTIFIER = "com.rakuten.Pitch-PerfectTests";
				PRODUCT_NAME = "$(TARGET_NAME)";
				TEST_HOST = "$(BUILT_PRODUCTS_DIR)/Pitch Perfect.app/Pitch Perfect";
			};
			name = Debug;
		};
		2027B55A1C3E273A0019489B /* Release */ = {
			isa = XCBuildConfiguration;
			buildSettings = {
				BUNDLE_LOADER = "$(TEST_HOST)";
				INFOPLIST_FILE = "Pitch PerfectTests/Info.plist";
				LD_RUNPATH_SEARCH_PATHS = "$(inherited) @executable_path/Frameworks @loader_path/Frameworks";
				PRODUCT_BUNDLE_IDENTIFIER = "com.rakuten.Pitch-PerfectTests";
				PRODUCT_NAME = "$(TARGET_NAME)";
				TEST_HOST = "$(BUILT_PRODUCTS_DIR)/Pitch Perfect.app/Pitch Perfect";
			};
			name = Release;
		};
		2027B55C1C3E273A0019489B /* Debug */ = {
			isa = XCBuildConfiguration;
			buildSettings = {
				INFOPLIST_FILE = "Pitch PerfectUITests/Info.plist";
				LD_RUNPATH_SEARCH_PATHS = "$(inherited) @executable_path/Frameworks @loader_path/Frameworks";
				PRODUCT_BUNDLE_IDENTIFIER = "com.rakuten.Pitch-PerfectUITests";
				PRODUCT_NAME = "$(TARGET_NAME)";
				TEST_TARGET_NAME = "Pitch Perfect";
				USES_XCTRUNNER = YES;
			};
			name = Debug;
		};
		2027B55D1C3E273A0019489B /* Release */ = {
			isa = XCBuildConfiguration;
			buildSettings = {
				INFOPLIST_FILE = "Pitch PerfectUITests/Info.plist";
				LD_RUNPATH_SEARCH_PATHS = "$(inherited) @executable_path/Frameworks @loader_path/Frameworks";
				PRODUCT_BUNDLE_IDENTIFIER = "com.rakuten.Pitch-PerfectUITests";
				PRODUCT_NAME = "$(TARGET_NAME)";
				TEST_TARGET_NAME = "Pitch Perfect";
				USES_XCTRUNNER = YES;
			};
			name = Release;
		};
/* End XCBuildConfiguration section */

/* Begin XCConfigurationList section */
		2027B5281C3E27390019489B /* Build configuration list for PBXProject "Pitch Perfect" */ = {
			isa = XCConfigurationList;
			buildConfigurations = (
				2027B5531C3E273A0019489B /* Debug */,
				2027B5541C3E273A0019489B /* Release */,
			);
			defaultConfigurationIsVisible = 0;
			defaultConfigurationName = Release;
		};
		2027B5551C3E273A0019489B /* Build configuration list for PBXNativeTarget "Pitch Perfect" */ = {
			isa = XCConfigurationList;
			buildConfigurations = (
				2027B5561C3E273A0019489B /* Debug */,
				2027B5571C3E273A0019489B /* Release */,
			);
			defaultConfigurationIsVisible = 0;
			defaultConfigurationName = Release;
		};
		2027B5581C3E273A0019489B /* Build configuration list for PBXNativeTarget "Pitch PerfectTests" */ = {
			isa = XCConfigurationList;
			buildConfigurations = (
				2027B5591C3E273A0019489B /* Debug */,
				2027B55A1C3E273A0019489B /* Release */,
			);
			defaultConfigurationIsVisible = 0;
			defaultConfigurationName = Release;
		};
		2027B55B1C3E273A0019489B /* Build configuration list for PBXNativeTarget "Pitch PerfectUITests" */ = {
			isa = XCConfigurationList;
			buildConfigurations = (
				2027B55C1C3E273A0019489B /* Debug */,
				2027B55D1C3E273A0019489B /* Release */,
			);
			defaultConfigurationIsVisible = 0;
			defaultConfigurationName = Release;
		};
/* End XCConfigurationList section */
	};
	rootObject = 2027B5251C3E27390019489B /* Project object */;
}
